
Microsoft Visual Studio Solution File, Format Version 12.00
# Visual Studio 15
VisualStudioVersion = 15.0.28307.1062
MinimumVisualStudioVersion = 10.0.40219.1
Project("{8BC9CEB8-8B4A-11D0-8D11-00A0C91BC942}") = "Lab2", "Lab2\Lab2.vcxproj", "{E8F0774B-99B3-4FD4-BF8A-520F4EACE9E0}"
EndProject
Project("{8BC9CEB8-8B4A-11D0-8D11-00A0C91BC942}") = "Lab1", "..\Lab1\Lab1\Lab1.vcxproj", "{A5F6B0DC-2487-48CB-BF30-55F17548B256}"
EndProject
Global
	GlobalSection(SolutionConfigurationPlatforms) = preSolution
		Debug|x64 = Debug|x64
		Debug|x86 = Debug|x86
		Release|x64 = Release|x64
		Release|x86 = Release|x86
	EndGlobalSection
	GlobalSection(ProjectConfigurationPlatforms) = postSolution
		{E8F0774B-99B3-4FD4-BF8A-520F4EACE9E0}.Debug|x64.ActiveCfg = Debug|x64
		{E8F0774B-99B3-4FD4-BF8A-520F4EACE9E0}.Debug|x64.Build.0 = Debug|x64
		{E8F0774B-99B3-4FD4-BF8A-520F4EACE9E0}.Debug|x86.ActiveCfg = Debug|Win32
		{E8F0774B-99B3-4FD4-BF8A-520F4EACE9E0}.Debug|x86.Build.0 = Debug|Win32
		{E8F0774B-99B3-4FD4-BF8A-520F4EACE9E0}.Release|x64.ActiveCfg = Release|x64
		{E8F0774B-99B3-4FD4-BF8A-520F4EACE9E0}.Release|x64.Build.0 = Release|x64
		{E8F0774B-99B3-4FD4-BF8A-520F4EACE9E0}.Release|x86.ActiveCfg = Release|Win32
		{E8F0774B-99B3-4FD4-BF8A-520F4EACE9E0}.Release|x86.Build.0 = Release|Win32
		{A5F6B0DC-2487-48CB-BF30-55F17548B256}.Debug|x64.ActiveCfg = Debug|x64
		{A5F6B0DC-2487-48CB-BF30-55F17548B256}.Debug|x64.Build.0 = Debug|x64
		{A5F6B0DC-2487-48CB-BF30-55F17548B256}.Debug|x86.ActiveCfg = Debug|Win32
		{A5F6B0DC-2487-48CB-BF30-55F17548B256}.Debug|x86.Build.0 = Debug|Win32
		{A5F6B0DC-2487-48CB-BF30-55F17548B256}.Release|x64.ActiveCfg = Release|x64
		{A5F6B0DC-2487-48CB-BF30-55F17548B256}.Release|x64.Build.0 = Release|x64
		{A5F6B0DC-2487-48CB-BF30-55F17548B256}.Release|x86.ActiveCfg = Release|Win32
		{A5F6B0DC-2487-48CB-BF30-55F17548B256}.Release|x86.Build.0 = Release|Win32
	EndGlobalSection
	GlobalSection(SolutionProperties) = preSolution
		HideSolutionNode = FALSE
	EndGlobalSection
	GlobalSection(ExtensibilityGlobals) = postSolution
		SolutionGuid = {02160C2A-A754-4AF9-B20E-9A4D0D2CCD85}
	EndGlobalSection
EndGlobal
